
Microsoft Visual Studio Solution File, Format Version 12.00
# Visual Studio 15
VisualStudioVersion = 15.0.28307.421
MinimumVisualStudioVersion = 10.0.40219.1
Project("{FAE04EC0-301F-11D3-BF4B-00C04F79EFBC}") = "refImpl", "refImpl.csproj", "{F1932ACD-3BAC-41F3-A524-870F8E74B940}"
EndProject
Global
	GlobalSection(SolutionConfigurationPlatforms) = preSolution
		Debug|Any CPU = Debug|Any CPU
		Debug|x64 = Debug|x64
		Release|Any CPU = Release|Any CPU
		Release|x64 = Release|x64
	EndGlobalSection
	GlobalSection(ProjectConfigurationPlatforms) = postSolution
		{F1932ACD-3BAC-41F3-A524-870F8E74B940}.Debug|Any CPU.ActiveCfg = Debug|Any CPU
		{F1932ACD-3BAC-41F3-A524-870F8E74B940}.Debug|Any CPU.Build.0 = Debug|Any CPU
		{F1932ACD-3BAC-41F3-A524-870F8E74B940}.Debug|x64.ActiveCfg = Debug|x64
		{F1932ACD-3BAC-41F3-A524-870F8E74B940}.Debug|x64.Build.0 = Debug|x64
		{F1932ACD-3BAC-41F3-A524-870F8E74B940}.Release|Any CPU.ActiveCfg = Release|Any CPU
		{F1932ACD-3BAC-41F3-A524-870F8E74B940}.Release|Any CPU.Build.0 = Release|Any CPU
		{F1932ACD-3BAC-41F3-A524-870F8E74B940}.Release|x64.ActiveCfg = Release|x64
		{F1932ACD-3BAC-41F3-A524-870F8E74B940}.Release|x64.Build.0 = Release|x64
	EndGlobalSection
	GlobalSection(SolutionProperties) = preSolution
		HideSolutionNode = FALSE
	EndGlobalSection
	GlobalSection(ExtensibilityGlobals) = postSolution
		SolutionGuid = {811B39C2-AAC4-4418-AC7D-DD9FE6838E18}
	EndGlobalSection
EndGlobal
